version = 1
revision = 3
requires-python = ">=3.12"

[[package]]
name = "colorama"
version = "0.4.6"
source = { registry = "https://pypi.org/simple" }
sdist = { url = "https://files.pythonhosted.org/packages/d8/53/6f443c9a4a8358a93a6792e2acffb9d9d5cb0a5cfd8802644b7b1c9a02e4/colorama-0.4.6.tar.gz", hash = "sha256:08695f5cb7ed6e0531a20572697297273c47b8cae5a63ffc6d6ed5c201be6e44", size = 27697, upload-time = "2022-10-25T02:36:22.414Z" }
wheels = [
    { url = "https://files.pythonhosted.org/packages/d1/d6/3965ed04c63042e047cb6a3e6ed1a63a35087b6a609aa3a15ed8ac56c221/colorama-0.4.6-py2.py3-none-any.whl", hash = "sha256:4f1d9991f5acc0ca119f9d443620b77f9d6b33703e51011c16baf57afb285fc6", size = 25335, upload-time = "2022-10-25T02:36:20.889Z" },
]

[[package]]
name = "dependency-injector"
version = "4.49.1"
source = { registry = "https://pypi.org/simple" }
dependencies = [
    { name = "typing-extensions", marker = "python_full_version < '3.13'" },
]
sdist = { url = "https://files.pythonhosted.org/packages/d1/84/5e05c2997a196155b86446d48b9e5b2a055087c574746389fdc3c530f5b5/dependency_injector-4.49.1.tar.gz", hash = "sha256:b4614fa3731ffec00a381aebc1d17317b0a3a407aa679f164a3ea03c347de691", size = 1171204, upload-time = "2026-06-18T17:51:48.221Z" }
wheels = [
    { url = "https://files.pythonhosted.org/packages/c0/1e/9f3abdf0ac42cac1c319b210aa060669ea9d29f06caf00c27fe72fa5335c/dependency_injector-4.49.1-cp310-abi3-macosx_11_0_arm64.whl", hash = "sha256:b1b71d6f500c001230a53e5bee01ea01c6d3bb2089f64ecc841b42672924a19a", size = 1771519, upload-time = "2026-06-18T17:50:58.476Z" },
    { url = "https://files.pythonhosted.org/packages/68/20/fc1812f20ec75af2d4b5e391e93f15621af3102da46142e26177eb506b32/dependency_injector-4.49.1-cp310-abi3-manylinux1_x86_64.manylinux_2_28_x86_64.manylinux_2_5_x86_64.whl", hash = "sha256:10e481880b307a6a438c1cc7b0a1fa8754247239ef5a2e8fe82bd8a1e76e7682", size = 1854593, upload-time = "2026-06-18T17:51:02.069Z" },
    { url = "https://files.pythonhosted.org/packages/32/ab/b1e1826aacc37d07ba0101230de7b5cbbb5ac6364b78ca3957f0a90d6a51/dependency_injector-4.49.1-cp310-abi3-manylinux2014_aarch64.manylinux_2_17_aarch64.manylinux_2_28_aarch64.whl", hash = "sha256:e05da5bc73a3e026f962a223672002934c0f415064b6e2c3db0b255e46c7b521", size = 1767354, upload-time = "2026-06-18T17:51:03.715Z" },
    { url = "https://files.pythonhosted.org/packages/3e/ab/1d873876e9adb612f8fba1e801820bf5a69cd7d864e01dca81651edd40f6/dependency_injector-4.49.1-cp310-abi3-musllinux_1_2_aarch64.whl", hash = "sha256:5760390d295af0b605aacd02bb8ac2e9fe206f9c4fbe7770d0843a6cbfb9c2cd", size = 1748758, upload-time = "2026-06-18T17:51:05.287Z" },
    { url = "https://files.pythonhosted.org/packages/ee/ef/d715f4cd2e947fddc4c8763be1c4099793caf38aa1a099b6d621ecfeb768/dependency_injector-4.49.1-cp310-abi3-musllinux_1_2_x86_64.whl", hash = "sha256:ba7e94e4323219c93dac35aabba7efa4e91c9afeac044b1d50bdc66a00a07238", size = 1845636, upload-time = "2026-06-18T17:51:07.023Z" },
    { url = "https://files.pythonhosted.org/packages/e7/32/03d1e5e0c6b79eaabf2ed4155302df05832e54789cc9f670cc62af20897b/dependency_injector-4.49.1-cp310-abi3-win32.whl", hash = "sha256:5a6e3a0df8cff636da3d7212473e30dff897c5bdbca2dd3049b5363012a495fa", size = 1548655, upload-time = "2026-06-18T17:51:08.721Z" },
    { url = "https://files.pythonhosted.org/packages/93/51/ce3ca96314f93f44358523cb8cdf81c8c1e002b4e097141e460bc598c87f/dependency_injector-4.49.1-cp310-abi3-win_amd64.whl", hash = "sha256:153f6b8d1db35d1fc9b001e41564a47ab2a7708038fecefadf3afada8ec7f814", size = 1676934, upload-time = "2026-06-18T17:51:10.465Z" },
]

[[package]]
name = "iniconfig"
version = "2.3.0"
source = { registry = "https://pypi.org/simple" }
sdist = { url = "https://files.pythonhosted.org/packages/72/34/14ca021ce8e5dfedc35312d08ba8bf51fdd999c576889fc2c24cb97f4f10/iniconfig-2.3.0.tar.gz", hash = "sha256:c76315c77db068650d49c5b56314774a7804df16fee4402c1f19d6d15d8c4730", size = 20503, upload-time = "2025-10-18T21:55:43.219Z" }
wheels = [
    { url = "https://files.pythonhosted.org/packages/cb/b1/3846dd7f199d53cb17f49cba7e651e9ce294d8497c8c150530ed11865bb8/iniconfig-2.3.0-py3-none-any.whl", hash = "sha256:f631c04d2c48c52b84d0d0549c99ff3859c98df65b3101406327ecc7d53fbf12", size = 7484, upload-time = "2025-10-18T21:55:41.639Z" },
]

[[package]]
name = "packaging"
version = "26.2"
source = { registry = "https://pypi.org/simple" }
sdist = { url = "https://files.pythonhosted.org/packages/d7/f1/e7a6dd94a8d4a5626c03e4e99c87f241ba9e350cd9e6d75123f992427270/packaging-26.2.tar.gz", hash = "sha256:ff452ff5a3e828ce110190feff1178bb1f2ea2281fa2075aadb987c2fb221661", size = 228134, upload-time = "2026-04-24T20:15:23.917Z" }
wheels = [
    { url = "https://files.pythonhosted.org/packages/df/b2/87e62e8c3e2f4b32e5fe99e0b86d576da1312593b39f47d8ceef365e95ed/packaging-26.2-py3-none-any.whl", hash = "sha256:5fc45236b9446107ff2415ce77c807cee2862cb6fac22b8a73826d0693b0980e", size = 100195, upload-time = "2026-04-24T20:15:22.081Z" },
]

[[package]]
name = "pluggy"
version = "1.6.0"
source = { registry = "https://pypi.org/simple" }
sdist = { url = "https://files.pythonhosted.org/packages/f9/e2/3e91f31a7d2b083fe6ef3fa267035b518369d9511ffab804f839851d2779/pluggy-1.6.0.tar.gz", hash = "sha256:7dcc130b76258d33b90f61b658791dede3486c3e6bfb003ee5c9bfb396dd22f3", size = 69412, upload-time = "2025-05-15T12:30:07.975Z" }
wheels = [
    { url = "https://files.pythonhosted.org/packages/54/20/4d324d65cc6d9205fabedc306948156824eb9f0ee1633355a8f7ec5c66bf/pluggy-1.6.0-py3-none-any.whl", hash = "sha256:e920276dd6813095e9377c0bc5566d94c932c33b27a3e3945d8389c374dd4746", size = 20538, upload-time = "2025-05-15T12:30:06.134Z" },
]

[[package]]
name = "pygments"
version = "2.20.0"
source = { registry = "https://pypi.org/simple" }
sdist = { url = "https://files.pythonhosted.org/packages/c3/b2/bc9c9196916376152d655522fdcebac55e66de6603a76a02bca1b6414f6c/pygments-2.20.0.tar.gz", hash = "sha256:6757cd03768053ff99f3039c1a36d6c0aa0b263438fcab17520b30a303a82b5f", size = 4955991, upload-time = "2026-03-29T13:29:33.898Z" }
wheels = [
    { url = "https://files.pythonhosted.org/packages/f4/7e/a72dd26f3b0f4f2bf1dd8923c85f7ceb43172af56d63c7383eb62b332364/pygments-2.20.0-py3-none-any.whl", hash = "sha256:81a9e26dd42fd28a23a2d169d86d7ac03b46e2f8b59ed4698fb4785f946d0176", size = 1231151, upload-time = "2026-03-29T13:29:30.038Z" },
]

[[package]]
name = "pymediate"
version = "0.3.0"
source = { registry = "https://pypi.org/simple" }
sdist = { url = "https://files.pythonhosted.org/packages/59/06/3ba71e4e522a0dc610e77e4589ddf421aaee44fb334c7ef35a9dab31a080/pymediate-0.3.0.tar.gz", hash = "sha256:c3839917fc1267b7ad4ceee3bf47d359c96effc40c91cc4e87bfd46dd1dbb4d2", size = 437880, upload-time = "2026-07-10T21:33:31.415Z" }
wheels = [
    { url = "https://files.pythonhosted.org/packages/6f/ac/8f9c901b13345d6beafffcfa4b1728e630d8e90fcac67e80334a05144054/pymediate-0.3.0-py3-none-any.whl", hash = "sha256:b138ad7b1b982ab5c8e8f6647c21587188e69e389c75e3a86e876010ac6a3c16", size = 45761, upload-time = "2026-07-10T21:33:30.153Z" },
]

[package.optional-dependencies]
di = [
    { name = "dependency-injector" },
]

[[package]]
name = "pymediate-example-with-dependency-injector"
version = "0.1.0"
source = { virtual = "." }
dependencies = [
    { name = "pymediate", extra = ["di"] },
]

[package.dev-dependencies]
dev = [
    { name = "pytest" },
]

[package.metadata]
requires-dist = [{ name = "pymediate", extras = ["di"], specifier = ">=0.3.0" }]

[package.metadata.requires-dev]
dev = [{ name = "pytest", specifier = ">=8.0.0" }]

[[package]]
name = "pytest"
version = "9.1.1"
source = { registry = "https://pypi.org/simple" }
dependencies = [
    { name = "colorama", marker = "sys_platform == 'win32'" },
    { name = "iniconfig" },
    { name = "packaging" },
    { name = "pluggy" },
    { name = "pygments" },
]
sdist = { url = "https://files.pythonhosted.org/packages/e4/47/b9efed96c114afcfa3c9d3fe98a76a1d14c74a9e266d397cf6eb64be5e01/pytest-9.1.1.tar.gz", hash = "sha256:1088fbde8f2b49d95a549a195707afa7a76a3ce9bcadc26b6d71f0ffda5fe313", size = 1636369, upload-time = "2026-06-19T10:58:32.857Z" }
wheels = [
    { url = "https://files.pythonhosted.org/packages/24/25/1de2678b631f5a49215c6c96fff41ba892b0a34df68d6d80292b1b48aa7f/pytest-9.1.1-py3-none-any.whl", hash = "sha256:37a86b45efb9a47a61a36449063e8e18d0cab3161329fc099eb21783169c4f0c", size = 386536, upload-time = "2026-06-19T10:58:31.347Z" },
]

[[package]]
name = "typing-extensions"
version = "4.16.0"
source = { registry = "https://pypi.org/simple" }
sdist = { url = "https://files.pythonhosted.org/packages/f6/cc/6253133b5bb138fc3306cebfbda2c520f545d36b5be2c7255cc528bb45d6/typing_extensions-4.16.0.tar.gz", hash = "sha256:dc983d19a509c94dba722ee6abd33940f7c05a89e243c47e907eb4db6f1a43e5", size = 113555, upload-time = "2026-07-02T08:40:05.92Z" }
wheels = [
    { url = "https://files.pythonhosted.org/packages/49/d3/b8441a820a491ddfc024b0b0cf0393375b75ea13866d9c66727e54c2fc80/typing_extensions-4.16.0-py3-none-any.whl", hash = "sha256:481caa481374e813c1b176ada14e97f1f67a4539ce9cfeb3f350d78d6370c2e8", size = 45571, upload-time = "2026-07-02T08:40:04.659Z" },
]
